
Microsoft Visual Studio Solution File, Format Version 12.00
# Visual Studio 2012
Project("{F184B08F-C81C-45F6-A57F-5ABD9991F28F}") = "OSU Toolbox", "OSU Toolbox\OSU Toolbox.vbproj", "{87BF7A05-02DA-4B36-817A-689CA35033F6}"
EndProject
Global
	GlobalSection(SolutionConfigurationPlatforms) = preSolution
		Debug|Any CPU = Debug|Any CPU
		Release|Any CPU = Release|Any CPU
	EndGlobalSection
	GlobalSection(ProjectConfigurationPlatforms) = postSolution
		{87BF7A05-02DA-4B36-817A-689CA35033F6}.Debug|Any CPU.ActiveCfg = Debug|Any CPU
		{87BF7A05-02DA-4B36-817A-689CA35033F6}.Debug|Any CPU.Build.0 = Debug|Any CPU
		{87BF7A05-02DA-4B36-817A-689CA35033F6}.Release|Any CPU.ActiveCfg = Release|Any CPU
		{87BF7A05-02DA-4B36-817A-689CA35033F6}.Release|Any CPU.Build.0 = Release|Any CPU
	EndGlobalSection
	GlobalSection(SolutionProperties) = preSolution
		HideSolutionNode = FALSE
	EndGlobalSection
EndGlobal
